{
  "name": "client",
  "version": "1.0.0",
  "lockfileVersion": 1,
  "requires": true,
  "dependencies": {
    "@webcomponents/custom-elements": {
      "version": "1.0.0-alpha.3",
      "resolved": "https://registry.npmjs.org/@webcomponents/custom-elements/-/custom-elements-1.0.0-alpha.3.tgz",
      "integrity": "sha1-NA2MyDB3MFQKySJ2yaSRSfb8ARY="
    },
    "@webcomponents/shadydom": {
      "version": "git://github.com/webcomponents/shadydom.git#d28896efdae1fdd0dcd229ae1c052cb3fd2e3234"
    },
    "whatwg-fetch": {
      "version": "2.0.3",
      "resolved": "https://registry.npmjs.org/whatwg-fetch/-/whatwg-fetch-2.0.3.tgz",
      "integrity": "sha1-nITsLc9oGH/wC8ZOEnS0QhduHIQ="
    }
  }
}
